lockfileVersion: '9.0'

settings:
  autoInstallPeers: true
  excludeLinksFromLockfile: false

importers:

  .:
    dependencies:
      '@hono/node-server':
        specifier: ^1.13.7
        version: 1.13.7(hono@4.6.16)
      hono:
        specifier: ^4.6.16
        version: 4.6.16
      lodash.range:
        specifier: ^3.2.0
        version: 3.2.0

packages:

  '@hono/node-server@1.13.7':
    resolution: {integrity: sha512-kTfUMsoloVKtRA2fLiGSd9qBddmru9KadNyhJCwgKBxTiNkaAJEwkVN9KV/rS4HtmmNRtUh6P+YpmjRMl0d9vQ==}
    engines: {node: '>=18.14.1'}
    peerDependencies:
      hono: ^4

  hono@4.6.16:
    resolution: {integrity: sha512-iE6xOPwDYlfnZFwk6BfIMMIH4WZm3pPhz6rc1uJM/OPew0pjG5K6p8WTLaMBY1/szF/T0TaEjprMpwn16BA0NQ==}
    engines: {node: '>=16.9.0'}

  lodash.range@3.2.0:
    resolution: {integrity: sha512-Fgkb7SinmuzqgIhNhAElo0BL/R1rHCnhwSZf78omqSwvWqD0kD2ssOAutQonDKH/ldS8BxA72ORYI09qAY9CYg==}

snapshots:

  '@hono/node-server@1.13.7(hono@4.6.16)':
    dependencies:
      hono: 4.6.16

  hono@4.6.16: {}

  lodash.range@3.2.0: {}
